
Microsoft Visual Studio Solution File, Format Version 12.00
# Visual Studio 15
VisualStudioVersion = 15.0.27130.2036
MinimumVisualStudioVersion = 10.0.40219.1
Project("{FAE04EC0-301F-11D3-BF4B-00C04F79EFBC}") = "StartJava", "StartJava\StartJava.csproj", "{394897D0-C1B6-42C8-8DA7-616C6E32BA85}"
EndProject
Global
	GlobalSection(SolutionConfigurationPlatforms) = preSolution
		Debug|Any CPU = Debug|Any CPU
		Release|Any CPU = Release|Any CPU
	EndGlobalSection
	GlobalSection(ProjectConfigurationPlatforms) = postSolution
		{394897D0-C1B6-42C8-8DA7-616C6E32BA85}.Debug|Any CPU.ActiveCfg = Debug|Any CPU
		{394897D0-C1B6-42C8-8DA7-616C6E32BA85}.Debug|Any CPU.Build.0 = Debug|Any CPU
		{394897D0-C1B6-42C8-8DA7-616C6E32BA85}.Release|Any CPU.ActiveCfg = Release|Any CPU
		{394897D0-C1B6-42C8-8DA7-616C6E32BA85}.Release|Any CPU.Build.0 = Release|Any CPU
	EndGlobalSection
	GlobalSection(SolutionProperties) = preSolution
		HideSolutionNode = FALSE
	EndGlobalSection
	GlobalSection(ExtensibilityGlobals) = postSolution
		SolutionGuid = {73776CAC-5705-4369-A180-DB273ED4BFCA}
	EndGlobalSection
EndGlobal
